// !$*UTF8*$!
{
	archiveVersion = 1;
	classes = {
	};
	objectVersion = 56;
	objects = {

/* Begin PBXBuildFile section */
		C47195712B152BD30095E230 /* GreetingViewController.swift in Sources */ = {isa = PBXBuildFile; fileRef = C47195702B152BD30095E230 /* GreetingViewController.swift */; };
		C49948D02B1B575E0076FAE3 /* BioViewController.swift in Sources */ = {isa = PBXBuildFile; fileRef = C49948CF2B1B575E0076FAE3 /* BioViewController.swift */; };
		C49948D42B1B5D740076FAE3 /* PersonViewConroller.swift in Sources */ = {isa = PBXBuildFile; fileRef = C49948D32B1B5D740076FAE3 /* PersonViewConroller.swift */; };
		C49948D62B1BAE880076FAE3 /* User.swift in Sources */ = {isa = PBXBuildFile; fileRef = C49948D52B1BAE880076FAE3 /* User.swift */; };
		C49948D92B1BE9BD0076FAE3 /* GradientViewController.swift in Sources */ = {isa = PBXBuildFile; fileRef = C49948D82B1BE9BD0076FAE3 /* GradientViewController.swift */; };
		C4C6CD762B13FC4B00DB9904 /* AppDelegate.swift in Sources */ = {isa = PBXBuildFile; fileRef = C4C6CD752B13FC4B00DB9904 /* AppDelegate.swift */; };
		C4C6CD782B13FC4B00DB9904 /* SceneDelegate.swift in Sources */ = {isa = PBXBuildFile; fileRef = C4C6CD772B13FC4B00DB9904 /* SceneDelegate.swift */; };
		C4C6CD7A2B13FC4B00DB9904 /* LoginViewController.swift in Sources */ = {isa = PBXBuildFile; fileRef = C4C6CD792B13FC4B00DB9904 /* LoginViewController.swift */; };
		C4C6CD7D2B13FC4B00DB9904 /* Main.storyboard in Resources */ = {isa = PBXBuildFile; fileRef = C4C6CD7B2B13FC4B00DB9904 /* Main.storyboard */; };
		C4C6CD7F2B13FC4C00DB9904 /* Assets.xcassets in Resources */ = {isa = PBXBuildFile; fileRef = C4C6CD7E2B13FC4C00DB9904 /* Assets.xcassets */; };
		C4C6CD822B13FC4C00DB9904 /* LaunchScreen.storyboard in Resources */ = {isa = PBXBuildFile; fileRef = C4C6CD802B13FC4C00DB9904 /* LaunchScreen.storyboard */; };
/* End PBXBuildFile section */

/* Begin PBXFileReference section */
		C47195702B152BD30095E230 /* GreetingViewController.swift */ = {isa = PBXFileReference; lastKnownFileType = sourcecode.swift; path = GreetingViewController.swift; sourceTree = "<group>"; };
		C49948CF2B1B575E0076FAE3 /* BioViewController.swift */ = {isa = PBXFileReference; lastKnownFileType = sourcecode.swift; path = BioViewController.swift; sourceTree = "<group>"; };
		C49948D32B1B5D740076FAE3 /* PersonViewConroller.swift */ = {isa = PBXFileReference; lastKnownFileType = sourcecode.swift; path = PersonViewConroller.swift; sourceTree = "<group>"; };
		C49948D52B1BAE880076FAE3 /* User.swift */ = {isa = PBXFileReference; lastKnownFileType = sourcecode.swift; path = User.swift; sourceTree = "<group>"; };
		C49948D82B1BE9BD0076FAE3 /* GradientViewController.swift */ = {isa = PBXFileReference; lastKnownFileType = sourcecode.swift; path = GradientViewController.swift; sourceTree = "<group>"; };
		C4C6CD722B13FC4B00DB9904 /* AboutMeApp.app */ = {isa = PBXFileReference; explicitFileType = wrapper.application; includeInIndex = 0; path = AboutMeApp.app; sourceTree = BUILT_PRODUCTS_DIR; };
		C4C6CD752B13FC4B00DB9904 /* AppDelegate.swift */ = {isa = PBXFileReference; lastKnownFileType = sourcecode.swift; path = AppDelegate.swift; sourceTree = "<group>"; };
		C4C6CD772B13FC4B00DB9904 /* SceneDelegate.swift */ = {isa = PBXFileReference; lastKnownFileType = sourcecode.swift; path = SceneDelegate.swift; sourceTree = "<group>"; };
		C4C6CD792B13FC4B00DB9904 /* LoginViewController.swift */ = {isa = PBXFileReference; lastKnownFileType = sourcecode.swift; path = LoginViewController.swift; sourceTree = "<group>"; };
		C4C6CD7C2B13FC4B00DB9904 /* Base */ = {isa = PBXFileReference; lastKnownFileType = file.storyboard; name = Base; path = Base.lproj/Main.storyboard; sourceTree = "<group>"; };
		C4C6CD7E2B13FC4C00DB9904 /* Assets.xcassets */ = {isa = PBXFileReference; lastKnownFileType = folder.assetcatalog; path = Assets.xcassets; sourceTree = "<group>"; };
		C4C6CD812B13FC4C00DB9904 /* Base */ = {isa = PBXFileReference; lastKnownFileType = file.storyboard; name = Base; path = Base.lproj/LaunchScreen.storyboard; sourceTree = "<group>"; };
		C4C6CD832B13FC4C00DB9904 /* Info.plist */ = {isa = PBXFileReference; lastKnownFileType = text.plist.xml; path = Info.plist; sourceTree = "<group>"; };
/* End PBXFileReference section */

/* Begin PBXFrameworksBuildPhase section */
		C4C6CD6F2B13FC4B00DB9904 /* Frameworks */ = {
			isa = PBXFrameworksBuildPhase;
			buildActionMask = 2147483647;
			files = (
			);
			runOnlyForDeploymentPostprocessing = 0;
		};
/* End PBXFrameworksBuildPhase section */

/* Begin PBXGroup section */
		C49948C92B1B481D0076FAE3 /* App */ = {
			isa = PBXGroup;
			children = (
				C4C6CD752B13FC4B00DB9904 /* AppDelegate.swift */,
				C4C6CD772B13FC4B00DB9904 /* SceneDelegate.swift */,
				C4C6CD832B13FC4C00DB9904 /* Info.plist */,
			);
			path = App;
			sourceTree = "<group>";
		};
		C49948CA2B1B48340076FAE3 /* ViewControllers */ = {
			isa = PBXGroup;
			children = (
				C4C6CD792B13FC4B00DB9904 /* LoginViewController.swift */,
				C47195702B152BD30095E230 /* GreetingViewController.swift */,
				C49948D32B1B5D740076FAE3 /* PersonViewConroller.swift */,
				C49948CF2B1B575E0076FAE3 /* BioViewController.swift */,
			);
			path = ViewControllers;
			sourceTree = "<group>";
		};
		C49948CB2B1B498A0076FAE3 /* Storyboards */ = {
			isa = PBXGroup;
			children = (
				C4C6CD7B2B13FC4B00DB9904 /* Main.storyboard */,
				C4C6CD802B13FC4C00DB9904 /* LaunchScreen.storyboard */,
			);
			path = Storyboards;
			sourceTree = "<group>";
		};
		C49948CC2B1B49B60076FAE3 /* Models */ = {
			isa = PBXGroup;
			children = (
				C49948D52B1BAE880076FAE3 /* User.swift */,
			);
			path = Models;
			sourceTree = "<group>";
		};
		C49948D72B1BE97F0076FAE3 /* Extensions */ = {
			isa = PBXGroup;
			children = (
				C49948D82B1BE9BD0076FAE3 /* GradientViewController.swift */,
			);
			path = Extensions;
			sourceTree = "<group>";
		};
		C4C6CD692B13FC4B00DB9904 = {
			isa = PBXGroup;
			children = (
				C4C6CD742B13FC4B00DB9904 /* AboutMeApp */,
				C4C6CD7E2B13FC4C00DB9904 /* Assets.xcassets */,
				C4C6CD732B13FC4B00DB9904 /* Products */,
			);
			sourceTree = "<group>";
		};
		C4C6CD732B13FC4B00DB9904 /* Products */ = {
			isa = PBXGroup;
			children = (
				C4C6CD722B13FC4B00DB9904 /* AboutMeApp.app */,
			);
			name = Products;
			sourceTree = "<group>";
		};
		C4C6CD742B13FC4B00DB9904 /* AboutMeApp */ = {
			isa = PBXGroup;
			children = (
				C49948D72B1BE97F0076FAE3 /* Extensions */,
				C49948CA2B1B48340076FAE3 /* ViewControllers */,
				C49948CC2B1B49B60076FAE3 /* Models */,
				C49948CB2B1B498A0076FAE3 /* Storyboards */,
				C49948C92B1B481D0076FAE3 /* App */,
			);
			path = AboutMeApp;
			sourceTree = "<group>";
		};
/* End PBXGroup section */

/* Begin PBXNativeTarget section */
		C4C6CD712B13FC4B00DB9904 /* AboutMeApp */ = {
			isa = PBXNativeTarget;
			buildConfigurationList = C4C6CD862B13FC4C00DB9904 /* Build configuration list for PBXNativeTarget "AboutMeApp" */;
			buildPhases = (
				C4C6CD6E2B13FC4B00DB9904 /* Sources */,
				C4C6CD6F2B13FC4B00DB9904 /* Frameworks */,
				C4C6CD702B13FC4B00DB9904 /* Resources */,
			);
			buildRules = (
			);
			dependencies = (
			);
			name = AboutMeApp;
			productName = AboutMeApp;
			productReference = C4C6CD722B13FC4B00DB9904 /* AboutMeApp.app */;
			productType = "com.apple.product-type.application";
		};
/* End PBXNativeTarget section */

/* Begin PBXProject section */
		C4C6CD6A2B13FC4B00DB9904 /* Project object */ = {
			isa = PBXProject;
			attributes = {
				BuildIndependentTargetsInParallel = 1;
				LastSwiftUpdateCheck = 1500;
				LastUpgradeCheck = 1500;
				TargetAttributes = {
					C4C6CD712B13FC4B00DB9904 = {
						CreatedOnToolsVersion = 15.0.1;
					};
				};
			};
			buildConfigurationList = C4C6CD6D2B13FC4B00DB9904 /* Build configuration list for PBXProject "AboutMeApp" */;
			compatibilityVersion = "Xcode 14.0";
			developmentRegion = en;
			hasScannedForEncodings = 0;
			knownRegions = (
				en,
				Base,
			);
			mainGroup = C4C6CD692B13FC4B00DB9904;
			productRefGroup = C4C6CD732B13FC4B00DB9904 /* Products */;
			projectDirPath = "";
			projectRoot = "";
			targets = (
				C4C6CD712B13FC4B00DB9904 /* AboutMeApp */,
			);
		};
/* End PBXProject section */

/* Begin PBXResourcesBuildPhase section */
		C4C6CD702B13FC4B00DB9904 /* Resources */ = {
			isa = PBXResourcesBuildPhase;
			buildActionMask = 2147483647;
			files = (
				C4C6CD822B13FC4C00DB9904 /* LaunchScreen.storyboard in Resources */,
				C4C6CD7F2B13FC4C00DB9904 /* Assets.xcassets in Resources */,
				C4C6CD7D2B13FC4B00DB9904 /* Main.storyboard in Resources */,
			);
			runOnlyForDeploymentPostprocessing = 0;
		};
/* End PBXResourcesBuildPhase section */

/* Begin PBXSourcesBuildPhase section */
		C4C6CD6E2B13FC4B00DB9904 /* Sources */ = {
			isa = PBXSourcesBuildPhase;
			buildActionMask = 2147483647;
			files = (
				C4C6CD7A2B13FC4B00DB9904 /* LoginViewController.swift in Sources */,
				C4C6CD762B13FC4B00DB9904 /* AppDelegate.swift in Sources */,
				C4C6CD782B13FC4B00DB9904 /* SceneDelegate.swift in Sources */,
				C47195712B152BD30095E230 /* GreetingViewController.swift in Sources */,
				C49948D92B1BE9BD0076FAE3 /* GradientViewController.swift in Sources */,
				C49948D62B1BAE880076FAE3 /* User.swift in Sources */,
				C49948D42B1B5D740076FAE3 /* PersonViewConroller.swift in Sources */,
				C49948D02B1B575E0076FAE3 /* BioViewController.swift in Sources */,
			);
			runOnlyForDeploymentPostprocessing = 0;
		};
/* End PBXSourcesBuildPhase section */

/* Begin PBXVariantGroup section */
		C4C6CD7B2B13FC4B00DB9904 /* Main.storyboard */ = {
			isa = PBXVariantGroup;
			children = (
				C4C6CD7C2B13FC4B00DB9904 /* Base */,
			);
			name = Main.storyboard;
			sourceTree = "<group>";
		};
		C4C6CD802B13FC4C00DB9904 /* LaunchScreen.storyboard */ = {
			isa = PBXVariantGroup;
			children = (
				C4C6CD812B13FC4C00DB9904 /* Base */,
			);
			name = LaunchScreen.storyboard;
			sourceTree = "<group>";
		};
/* End PBXVariantGroup section */

/* Begin XCBuildConfiguration section */
		C4C6CD842B13FC4C00DB9904 /* Debug */ = {
			isa = XCBuildConfiguration;
			buildSettings = {
				ALWAYS_SEARCH_USER_PATHS = NO;
				ASSETCATALOG_COMPILER_GENERATE_SWIFT_ASSET_SYMBOL_EXTENSIONS = YES;
				CLANG_ANALYZER_NONNULL = YES;
				CLANG_ANALYZER_NUMBER_OBJECT_CONVERSION = YES_AGGRESSIVE;
				CLANG_CXX_LANGUAGE_STANDARD = "gnu++20";
				CLANG_ENABLE_MODULES = YES;
				CLANG_ENABLE_OBJC_ARC = YES;
				CLANG_ENABLE_OBJC_WEAK = YES;
				CLANG_WARN_BLOCK_CAPTURE_AUTORELEASING = YES;
				CLANG_WARN_BOOL_CONVERSION = YES;
				CLANG_WARN_COMMA = YES;
				CLANG_WARN_CONSTANT_CONVERSION = YES;
				CLANG_WARN_DEPRECATED_OBJC_IMPLEMENTATIONS = YES;
				CLANG_WARN_DIRECT_OBJC_ISA_USAGE = YES_ERROR;
				CLANG_WARN_DOCUMENTATION_COMMENTS = YES;
				CLANG_WARN_EMPTY_BODY = YES;
				CLANG_WARN_ENUM_CONVERSION = YES;
				CLANG_WARN_INFINITE_RECURSION = YES;
				CLANG_WARN_INT_CONVERSION = YES;
				CLANG_WARN_NON_LITERAL_NULL_CONVERSION = YES;
				CLANG_WARN_OBJC_IMPLICIT_RETAIN_SELF = YES;
				CLANG_WARN_OBJC_LITERAL_CONVERSION = YES;
				CLANG_WARN_OBJC_ROOT_CLASS = YES_ERROR;
				CLANG_WARN_QUOTED_INCLUDE_IN_FRAMEWORK_HEADER = YES;
				CLANG_WARN_RANGE_LOOP_ANALYSIS = YES;
				CLANG_WARN_STRICT_PROTOTYPES = YES;
				CLANG_WARN_SUSPICIOUS_MOVE = YES;
				CLANG_WARN_UNGUARDED_AVAILABILITY = YES_AGGRESSIVE;
				CLANG_WARN_UNREACHABLE_CODE = YES;
				CLANG_WARN__DUPLICATE_METHOD_MATCH = YES;
				COPY_PHASE_STRIP = NO;
				DEBUG_INFORMATION_FORMAT = dwarf;
				ENABLE_STRICT_OBJC_MSGSEND = YES;
				ENABLE_TESTABILITY = YES;
				ENABLE_USER_SCRIPT_SANDBOXING = YES;
				GCC_C_LANGUAGE_STANDARD = gnu17;
				GCC_DYNAMIC_NO_PIC = NO;
				GCC_NO_COMMON_BLOCKS = YES;
				GCC_OPTIMIZATION_LEVEL = 0;
				GCC_PREPROCESSOR_DEFINITIONS = (
					"DEBUG=1",
					"$(inherited)",
				);
				GCC_WARN_64_TO_32_BIT_CONVERSION = YES;
				GCC_WARN_ABOUT_RETURN_TYPE = YES_ERROR;
				GCC_WARN_UNDECLARED_SELECTOR = YES;
				GCC_WARN_UNINITIALIZED_AUTOS = YES_AGGRESSIVE;
				GCC_WARN_UNUSED_FUNCTION = YES;
				GCC_WARN_UNUSED_VARIABLE = YES;
				IPHONEOS_DEPLOYMENT_TARGET = 17.0;
				LOCALIZATION_PREFERS_STRING_CATALOGS = YES;
				MTL_ENABLE_DEBUG_INFO = INCLUDE_SOURCE;
				MTL_FAST_MATH = YES;
				ONLY_ACTIVE_ARCH = YES;
				SDKROOT = iphoneos;
				SWIFT_ACTIVE_COMPILATION_CONDITIONS = "DEBUG $(inherited)";
				SWIFT_OPTIMIZATION_LEVEL = "-Onone";
			};
			name = Debug;
		};
		C4C6CD852B13FC4C00DB9904 /* Release */ = {
			isa = XCBuildConfiguration;
			buildSettings = {
				ALWAYS_SEARCH_USER_PATHS = NO;
				ASSETCATALOG_COMPILER_GENERATE_SWIFT_ASSET_SYMBOL_EXTENSIONS = YES;
				CLANG_ANALYZER_NONNULL = YES;
				CLANG_ANALYZER_NUMBER_OBJECT_CONVERSION = YES_AGGRESSIVE;
				CLANG_CXX_LANGUAGE_STANDARD = "gnu++20";
				CLANG_ENABLE_MODULES = YES;
				CLANG_ENABLE_OBJC_ARC = YES;
				CLANG_ENABLE_OBJC_WEAK = YES;
				CLANG_WARN_BLOCK_CAPTURE_AUTORELEASING = YES;
				CLANG_WARN_BOOL_CONVERSION = YES;
				CLANG_WARN_COMMA = YES;
				CLANG_WARN_CONSTANT_CONVERSION = YES;
				CLANG_WARN_DEPRECATED_OBJC_IMPLEMENTATIONS = YES;
				CLANG_WARN_DIRECT_OBJC_ISA_USAGE = YES_ERROR;
				CLANG_WARN_DOCUMENTATION_COMMENTS = YES;
				CLANG_WARN_EMPTY_BODY = YES;
				CLANG_WARN_ENUM_CONVERSION = YES;
				CLANG_WARN_INFINITE_RECURSION = YES;
				CLANG_WARN_INT_CONVERSION = YES;
				CLANG_WARN_NON_LITERAL_NULL_CONVERSION = YES;
				CLANG_WARN_OBJC_IMPLICIT_RETAIN_SELF = YES;
				CLANG_WARN_OBJC_LITERAL_CONVERSION = YES;
				CLANG_WARN_OBJC_ROOT_CLASS = YES_ERROR;
				CLANG_WARN_QUOTED_INCLUDE_IN_FRAMEWORK_HEADER = YES;
				CLANG_WARN_RANGE_LOOP_ANALYSIS = YES;
				CLANG_WARN_STRICT_PROTOTYPES = YES;
				CLANG_WARN_SUSPICIOUS_MOVE = YES;
				CLANG_WARN_UNGUARDED_AVAILABILITY = YES_AGGRESSIVE;
				CLANG_WARN_UNREACHABLE_CODE = YES;
				CLANG_WARN__DUPLICATE_METHOD_MATCH = YES;
				COPY_PHASE_STRIP = NO;
				DEBUG_INFORMATION_FORMAT = "dwarf-with-dsym";
				ENABLE_NS_ASSERTIONS = NO;
				ENABLE_STRICT_OBJC_MSGSEND = YES;
				ENABLE_USER_SCRIPT_SANDBOXING = YES;
				GCC_C_LANGUAGE_STANDARD = gnu17;
				GCC_NO_COMMON_BLOCKS = YES;
				GCC_WARN_64_TO_32_BIT_CONVERSION = YES;
				GCC_WARN_ABOUT_RETURN_TYPE = YES_ERROR;
				GCC_WARN_UNDECLARED_SELECTOR = YES;
				GCC_WARN_UNINITIALIZED_AUTOS = YES_AGGRESSIVE;
				GCC_WARN_UNUSED_FUNCTION = YES;
				GCC_WARN_UNUSED_VARIABLE = YES;
				IPHONEOS_DEPLOYMENT_TARGET = 17.0;
				LOCALIZATION_PREFERS_STRING_CATALOGS = YES;
				MTL_ENABLE_DEBUG_INFO = NO;
				MTL_FAST_MATH = YES;
				SDKROOT = iphoneos;
				SWIFT_COMPILATION_MODE = wholemodule;
				VALIDATE_PRODUCT = YES;
			};
			name = Release;
		};
		C4C6CD872B13FC4C00DB9904 /* Debug */ = {
			isa = XCBuildConfiguration;
			buildSettings = {
				ASSETCATALOG_COMPILER_APPICON_NAME = AppIcon;
				ASSETCATALOG_COMPILER_GLOBAL_ACCENT_COLOR_NAME = AccentColor;
				CODE_SIGN_STYLE = Automatic;
				CURRENT_PROJECT_VERSION = 1;
				DEVELOPMENT_TEAM = 6NTBUA69W9;
				GENERATE_INFOPLIST_FILE = YES;
				INFOPLIST_FILE = AboutMeApp/App/Info.plist;
				INFOPLIST_KEY_UIApplicationSupportsIndirectInputEvents = YES;
				INFOPLIST_KEY_UILaunchStoryboardName = LaunchScreen;
				INFOPLIST_KEY_UIMainStoryboardFile = Main;
				INFOPLIST_KEY_UISupportedInterfaceOrientations = UIInterfaceOrientationPortrait;
				INFOPLIST_KEY_UISupportedInterfaceOrientations_iPad = "UIInterfaceOrientationLandscapeLeft UIInterfaceOrientationLandscapeRight UIInterfaceOrientationPortrait UIInterfaceOrientationPortraitUpsideDown";
				LD_RUNPATH_SEARCH_PATHS = (
					"$(inherited)",
					"@executable_path/Frameworks",
				);
				MARKETING_VERSION = 1.0;
				PRODUCT_BUNDLE_IDENTIFIER = cherezbiev.AboutMeApp;
				PRODUCT_NAME = "$(TARGET_NAME)";
				SUPPORTED_PLATFORMS = "iphoneos iphonesimulator";
				SUPPORTS_MACCATALYST = NO;
				SUPPORTS_MAC_DESIGNED_FOR_IPHONE_IPAD = NO;
				SWIFT_EMIT_LOC_STRINGS = YES;
				SWIFT_VERSION = 5.0;
				TARGETED_DEVICE_FAMILY = 1;
			};
			name = Debug;
		};
		C4C6CD882B13FC4C00DB9904 /* Release */ = {
			isa = XCBuildConfiguration;
			buildSettings = {
				ASSETCATALOG_COMPILER_APPICON_NAME = AppIcon;
				ASSETCATALOG_COMPILER_GLOBAL_ACCENT_COLOR_NAME = AccentColor;
				CODE_SIGN_STYLE = Automatic;
				CURRENT_PROJECT_VERSION = 1;
				DEVELOPMENT_TEAM = 6NTBUA69W9;
				GENERATE_INFOPLIST_FILE = YES;
				INFOPLIST_FILE = AboutMeApp/App/Info.plist;
				INFOPLIST_KEY_UIApplicationSupportsIndirectInputEvents = YES;
				INFOPLIST_KEY_UILaunchStoryboardName = LaunchScreen;
				INFOPLIST_KEY_UIMainStoryboardFile = Main;
				INFOPLIST_KEY_UISupportedInterfaceOrientations = UIInterfaceOrientationPortrait;
				INFOPLIST_KEY_UISupportedInterfaceOrientations_iPad = "UIInterfaceOrientationLandscapeLeft UIInterfaceOrientationLandscapeRight UIInterfaceOrientationPortrait UIInterfaceOrientationPortraitUpsideDown";
				LD_RUNPATH_SEARCH_PATHS = (
					"$(inherited)",
					"@executable_path/Frameworks",
				);
				MARKETING_VERSION = 1.0;
				PRODUCT_BUNDLE_IDENTIFIER = cherezbiev.AboutMeApp;
				PRODUCT_NAME = "$(TARGET_NAME)";
				SUPPORTED_PLATFORMS = "iphoneos iphonesimulator";
				SUPPORTS_MACCATALYST = NO;
				SUPPORTS_MAC_DESIGNED_FOR_IPHONE_IPAD = NO;
				SWIFT_EMIT_LOC_STRINGS = YES;
				SWIFT_VERSION = 5.0;
				TARGETED_DEVICE_FAMILY = 1;
			};
			name = Release;
		};
/* End XCBuildConfiguration section */

/* Begin XCConfigurationList section */
		C4C6CD6D2B13FC4B00DB9904 /* Build configuration list for PBXProject "AboutMeApp" */ = {
			isa = XCConfigurationList;
			buildConfigurations = (
				C4C6CD842B13FC4C00DB9904 /* Debug */,
				C4C6CD852B13FC4C00DB9904 /* Release */,
			);
			defaultConfigurationIsVisible = 0;
			defaultConfigurationName = Release;
		};
		C4C6CD862B13FC4C00DB9904 /* Build configuration list for PBXNativeTarget "AboutMeApp" */ = {
			isa = XCConfigurationList;
			buildConfigurations = (
				C4C6CD872B13FC4C00DB9904 /* Debug */,
				C4C6CD882B13FC4C00DB9904 /* Release */,
			);
			defaultConfigurationIsVisible = 0;
			defaultConfigurationName = Release;
		};
/* End XCConfigurationList section */
	};
	rootObject = C4C6CD6A2B13FC4B00DB9904 /* Project object */;
}
